// !$*UTF8*$!
{
	archiveVersion = 1;
	classes = {
	};
	objectVersion = 46;
	objects = {

/* Begin PBXBuildFile section */
		FC20D1CC16F11FE800CA43D2 /* Settings.bundle in Resources */ = {isa = PBXBuildFile; fileRef = FC20D1CB16F11FE800CA43D2 /* Settings.bundle */; };
		FC20D1CF16F1243900CA43D2 /* Client_x0020_ServiceSvc.m in Sources */ = {isa = PBXBuildFile; fileRef = FC20D1CE16F1243900CA43D2 /* Client_x0020_ServiceSvc.m */; settings = {COMPILER_FLAGS = "-fno-objc-arc"; }; };
		FC20D1D216F12C1D00CA43D2 /* Class_x0020_ServiceSvc.m in Sources */ = {isa = PBXBuildFile; fileRef = FC20D1D116F12C1D00CA43D2 /* Class_x0020_ServiceSvc.m */; settings = {COMPILER_FLAGS = "-fno-objc-arc"; }; };
		FC33B8CF16EE58DD006991CD /* NSDate+ISO8601Parsing.m in Sources */ = {isa = PBXBuildFile; fileRef = FC33B8C416EE58DD006991CD /* NSDate+ISO8601Parsing.m */; settings = {COMPILER_FLAGS = "-fno-objc-arc"; }; };
		FC33B8D016EE58DD006991CD /* NSDate+ISO8601Unparsing.m in Sources */ = {isa = PBXBuildFile; fileRef = FC33B8C616EE58DD006991CD /* NSDate+ISO8601Unparsing.m */; settings = {COMPILER_FLAGS = "-fno-objc-arc"; }; };
		FC33B8D116EE58DD006991CD /* Sale_x0020_Service.m in Sources */ = {isa = PBXBuildFile; fileRef = FC33B8C816EE58DD006991CD /* Sale_x0020_Service.m */; settings = {COMPILER_FLAGS = "-fno-objc-arc"; }; };
		FC33B8D216EE58DD006991CD /* USAdditions.m in Sources */ = {isa = PBXBuildFile; fileRef = FC33B8CA16EE58DD006991CD /* USAdditions.m */; settings = {COMPILER_FLAGS = "-fno-objc-arc"; }; };
		FC33B8D316EE58DD006991CD /* USGlobals.m in Sources */ = {isa = PBXBuildFile; fileRef = FC33B8CC16EE58DD006991CD /* USGlobals.m */; settings = {COMPILER_FLAGS = "-fno-objc-arc"; }; };
		FC33B8D416EE58DD006991CD /* xsd.m in Sources */ = {isa = PBXBuildFile; fileRef = FC33B8CE16EE58DD006991CD /* xsd.m */; settings = {COMPILER_FLAGS = "-fno-objc-arc"; }; };
		FC33B8D616EE5951006991CD /* libxml2.2.dylib in Frameworks */ = {isa = PBXBuildFile; fileRef = FC33B8D516EE5951006991CD /* libxml2.2.dylib */; };
		FC3FF76516C831C800CB3700 /* arrow.png in Resources */ = {isa = PBXBuildFile; fileRef = FC3FF76416C831C800CB3700 /* arrow.png */; };
		FC3FF76E16C8DCA200CB3700 /* pose.png in Resources */ = {isa = PBXBuildFile; fileRef = FC3FF76D16C8DCA200CB3700 /* pose.png */; };
		FC3FF77016C8DFC700CB3700 /* bikramsettings.png in Resources */ = {isa = PBXBuildFile; fileRef = FC3FF76F16C8DFC700CB3700 /* bikramsettings.png */; };
		FC3FF77416C8E43000CB3700 /* BusyViewController.xib in Resources */ = {isa = PBXBuildFile; fileRef = FC3FF77116C8E42F00CB3700 /* BusyViewController.xib */; };
		FC3FF77516C8E43000CB3700 /* BusyViewController.m in Sources */ = {isa = PBXBuildFile; fileRef = FC3FF77316C8E42F00CB3700 /* BusyViewController.m */; };
		FC59685D15DC5431006B4745 /* UIKit.framework in Frameworks */ = {isa = PBXBuildFile; fileRef = FC59685C15DC5431006B4745 /* UIKit.framework */; };
		FC59685F15DC5431006B4745 /* Foundation.framework in Frameworks */ = {isa = PBXBuildFile; fileRef = FC59685E15DC5431006B4745 /* Foundation.framework */; };
		FC59686115DC5431006B4745 /* CoreGraphics.framework in Frameworks */ = {isa = PBXBuildFile; fileRef = FC59686015DC5431006B4745 /* CoreGraphics.framework */; };
		FC59686715DC5431006B4745 /* InfoPlist.strings in Resources */ = {isa = PBXBuildFile; fileRef = FC59686515DC5431006B4745 /* InfoPlist.strings */; };
		FC59686915DC5431006B4745 /* main.m in Sources */ = {isa = PBXBuildFile; fileRef = FC59686815DC5431006B4745 /* main.m */; };
		FC59686D15DC5431006B4745 /* AppDelegate.m in Sources */ = {isa = PBXBuildFile; fileRef = FC59686C15DC5431006B4745 /* AppDelegate.m */; };
		FC59687315DC5431006B4745 /* ViewController_iPhone.xib in Resources */ = {isa = PBXBuildFile; fileRef = FC59687115DC5431006B4745 /* ViewController_iPhone.xib */; };
		FC59687615DC5431006B4745 /* ViewController_iPad.xib in Resources */ = {isa = PBXBuildFile; fileRef = FC59687415DC5431006B4745 /* ViewController_iPad.xib */; };
		FC59687D15DC558D006B4745 /* apple114.png in Resources */ = {isa = PBXBuildFile; fileRef = FC59687C15DC558D006B4745 /* apple114.png */; };
		FC59687F15DC55A0006B4745 /* apple.png in Resources */ = {isa = PBXBuildFile; fileRef = FC59687E15DC55A0006B4745 /* apple.png */; };
		FC9665E216D41BE800E656A2 /* ClassDetailViewController.m in Sources */ = {isa = PBXBuildFile; fileRef = FC9665E016D41BE800E656A2 /* ClassDetailViewController.m */; };
		FC9665E316D41BE800E656A2 /* ClassDetailViewController.xib in Resources */ = {isa = PBXBuildFile; fileRef = FC9665E116D41BE800E656A2 /* ClassDetailViewController.xib */; };
		FC9665E716D41BFD00E656A2 /* AboutTheStudioViewController.m in Sources */ = {isa = PBXBuildFile; fileRef = FC9665E516D41BFD00E656A2 /* AboutTheStudioViewController.m */; };
		FC9665E816D41BFD00E656A2 /* AboutTheStudioViewController.xib in Resources */ = {isa = PBXBuildFile; fileRef = FC9665E616D41BFD00E656A2 /* AboutTheStudioViewController.xib */; };
		FC9665EC16D41C5700E656A2 /* StudioNewsViewController.m in Sources */ = {isa = PBXBuildFile; fileRef = FC9665EA16D41C5700E656A2 /* StudioNewsViewController.m */; };
		FC9665ED16D41C5700E656A2 /* StudioNewsViewController.xib in Resources */ = {isa = PBXBuildFile; fileRef = FC9665EB16D41C5700E656A2 /* StudioNewsViewController.xib */; };
		FC96662716D4826000E656A2 /* AboutItems.m in Sources */ = {isa = PBXBuildFile; fileRef = FC96662616D4826000E656A2 /* AboutItems.m */; };
		FC96662A16D4925B00E656A2 /* news.png in Resources */ = {isa = PBXBuildFile; fileRef = FC96662816D4925B00E656A2 /* news.png */; };
		FC96662B16D4925B00E656A2 /* studio.png in Resources */ = {isa = PBXBuildFile; fileRef = FC96662916D4925B00E656A2 /* studio.png */; };
		FC96662D16D49E7C00E656A2 /* MapKit.framework in Frameworks */ = {isa = PBXBuildFile; fileRef = FC96662C16D49E7C00E656A2 /* MapKit.framework */; };
		FC96662F16D4A3DF00E656A2 /* Post-it-note-transparent.png in Resources */ = {isa = PBXBuildFile; fileRef = FC96662E16D4A3DF00E656A2 /* Post-it-note-transparent.png */; };
		FC98D3961628CDFA00436255 /* MainPageTableViewController.m in Sources */ = {isa = PBXBuildFile; fileRef = FC98D3941628CDFA00436255 /* MainPageTableViewController.m */; };
		FC98D3971628CDFA00436255 /* MainPageTableViewController.xib in Resources */ = {isa = PBXBuildFile; fileRef = FC98D3951628CDFA00436255 /* MainPageTableViewController.xib */; };
		FC98D39A1628CF0B00436255 /* MainPageCell.xib in Resources */ = {isa = PBXBuildFile; fileRef = FC98D3991628CF0B00436255 /* MainPageCell.xib */; };
		FC98D3BB1628EBD300436255 /* PullRefreshTableViewController.m in Sources */ = {isa = PBXBuildFile; fileRef = FC98D3BA1628EBD300436255 /* PullRefreshTableViewController.m */; };
		FC98D3BE1628EC3200436255 /* calendar.png in Resources */ = {isa = PBXBuildFile; fileRef = FC98D3BC1628EC3200436255 /* calendar.png */; };
		FC98D3BF1628EC3200436255 /* poses.png in Resources */ = {isa = PBXBuildFile; fileRef = FC98D3BD1628EC3200436255 /* poses.png */; };
		FC98D3C11628EC6900436255 /* QuartzCore.framework in Frameworks */ = {isa = PBXBuildFile; fileRef = FC98D3C01628EC6900436255 /* QuartzCore.framework */; };
		FC98D3C7162A314D00436255 /* EventKit.framework in Frameworks */ = {isa = PBXBuildFile; fileRef = FC98D3C6162A314D00436255 /* EventKit.framework */; };
		FC98D3CD162A3D1F00436255 /* about.png in Resources */ = {isa = PBXBuildFile; fileRef = FC98D3CA162A3D1F00436255 /* about.png */; };
		FC98D3CE162A3D1F00436255 /* back.png in Resources */ = {isa = PBXBuildFile; fileRef = FC98D3CB162A3D1F00436255 /* back.png */; };
		FC98D3CF162A3D1F00436255 /* fwd.png in Resources */ = {isa = PBXBuildFile; fileRef = FC98D3CC162A3D1F00436255 /* fwd.png */; };
		FC98D3D2162A489E00436255 /* MainTabBarViewController.m in Sources */ = {isa = PBXBuildFile; fileRef = FC98D3D1162A489E00436255 /* MainTabBarViewController.m */; };
		FC98D3D6162A494C00436255 /* SettingsViewController.m in Sources */ = {isa = PBXBuildFile; fileRef = FC98D3D4162A494C00436255 /* SettingsViewController.m */; };
		FC98D3D7162A494C00436255 /* SettingsViewController.xib in Resources */ = {isa = PBXBuildFile; fileRef = FC98D3D5162A494C00436255 /* SettingsViewController.xib */; };
		FCA905B316DF03F500746A54 /* BuyViewController.m in Sources */ = {isa = PBXBuildFile; fileRef = FCA905B116DF03F500746A54 /* BuyViewController.m */; };
		FCA905B416DF03F500746A54 /* BuyViewController.xib in Resources */ = {isa = PBXBuildFile; fileRef = FCA905B216DF03F500746A54 /* BuyViewController.xib */; };
		FCA905B716E18F0100746A54 /* Constants.m in Sources */ = {isa = PBXBuildFile; fileRef = FCA905B616E18F0100746A54 /* Constants.m */; };
		FCA905BB16E2D66500746A54 /* BuyDetailViewController.m in Sources */ = {isa = PBXBuildFile; fileRef = FCA905B916E2D66500746A54 /* BuyDetailViewController.m */; };
		FCA905BC16E2D66500746A54 /* BuyDetailViewController.xib in Resources */ = {isa = PBXBuildFile; fileRef = FCA905BA16E2D66500746A54 /* BuyDetailViewController.xib */; };
		FCA905BE16E2F1AE00746A54 /* ButtonTableViewCell.xib in Resources */ = {isa = PBXBuildFile; fileRef = FCA905BD16E2F1AE00746A54 /* ButtonTableViewCell.xib */; };
		FCA905C016E311D200746A54 /* mats.png in Resources */ = {isa = PBXBuildFile; fileRef = FCA905BF16E311D200746A54 /* mats.png */; };
		FCB4F3B3163864CE00A2AA9A /* Default-568h@2x.png in Resources */ = {isa = PBXBuildFile; fileRef = FCB4F3B2163864CE00A2AA9A /* Default-568h@2x.png */; };
		FCF38ABC16CABE38005DD57B /* SettingsSectionItem.m in Sources */ = {isa = PBXBuildFile; fileRef = FCF38ABB16CABE38005DD57B /* SettingsSectionItem.m */; };
		FCF38AC016CAC1E5005DD57B /* AlarmTimeTableViewController.m in Sources */ = {isa = PBXBuildFile; fileRef = FCF38ABE16CAC1E5005DD57B /* AlarmTimeTableViewController.m */; };
		FCF38AC116CAC1E5005DD57B /* AlarmTimeTableViewController.xib in Resources */ = {isa = PBXBuildFile; fileRef = FCF38ABF16CAC1E5005DD57B /* AlarmTimeTableViewController.xib */; };
		FCF38AC316CAC368005DD57B /* NavController.xib in Resources */ = {isa = PBXBuildFile; fileRef = FCF38AC216CAC368005DD57B /* NavController.xib */; };
/* End PBXBuildFile section */

/* Begin PBXFileReference section */
		FC20D1CB16F11FE800CA43D2 /* Settings.bundle */ = {isa = PBXFileReference; lastKnownFileType = "wrapper.plug-in"; name = Settings.bundle; path = ../Settings.bundle; sourceTree = "<group>"; };
		FC20D1CD16F1243900CA43D2 /* Client_x0020_ServiceSvc.h */ = {isa = PBXFileReference; fileEncoding = 4; lastKnownFileType = sourcecode.c.h; path = Client_x0020_ServiceSvc.h; sourceTree = "<group>"; };
		FC20D1CE16F1243900CA43D2 /* Client_x0020_ServiceSvc.m */ = {isa = PBXFileReference; fileEncoding = 4; lastKnownFileType = sourcecode.c.objc; path = Client_x0020_ServiceSvc.m; sourceTree = "<group>"; };
		FC20D1D016F12C1D00CA43D2 /* Class_x0020_ServiceSvc.h */ = {isa = PBXFileReference; fileEncoding = 4; lastKnownFileType = sourcecode.c.h; path = Class_x0020_ServiceSvc.h; sourceTree = "<group>"; };
		FC20D1D116F12C1D00CA43D2 /* Class_x0020_ServiceSvc.m */ = {isa = PBXFileReference; fileEncoding = 4; lastKnownFileType = sourcecode.c.objc; path = Class_x0020_ServiceSvc.m; sourceTree = "<group>"; };
		FC33B8C316EE58DD006991CD /* NSDate+ISO8601Parsing.h */ = {isa = PBXFileReference; fileEncoding = 4; lastKnownFileType = sourcecode.c.h; path = "NSDate+ISO8601Parsing.h"; sourceTree = "<group>"; };
		FC33B8C416EE58DD006991CD /* NSDate+ISO8601Parsing.m */ = {isa = PBXFileReference; fileEncoding = 4; lastKnownFileType = sourcecode.c.objc; path = "NSDate+ISO8601Parsing.m"; sourceTree = "<group>"; };
		FC33B8C516EE58DD006991CD /* NSDate+ISO8601Unparsing.h */ = {isa = PBXFileReference; fileEncoding = 4; lastKnownFileType = sourcecode.c.h; path = "NSDate+ISO8601Unparsing.h"; sourceTree = "<group>"; };
		FC33B8C616EE58DD006991CD /* NSDate+ISO8601Unparsing.m */ = {isa = PBXFileReference; fileEncoding = 4; lastKnownFileType = sourcecode.c.objc; path = "NSDate+ISO8601Unparsing.m"; sourceTree = "<group>"; };
		FC33B8C716EE58DD006991CD /* Sale_x0020_Service.h */ = {isa = PBXFileReference; fileEncoding = 4; lastKnownFileType = sourcecode.c.h; path = Sale_x0020_Service.h; sourceTree = "<group>"; };
		FC33B8C816EE58DD006991CD /* Sale_x0020_Service.m */ = {isa = PBXFileReference; fileEncoding = 4; lastKnownFileType = sourcecode.c.objc; path = Sale_x0020_Service.m; sourceTree = "<group>"; };
		FC33B8C916EE58DD006991CD /* USAdditions.h */ = {isa = PBXFileReference; fileEncoding = 4; lastKnownFileType = sourcecode.c.h; path = USAdditions.h; sourceTree = "<group>"; };
		FC33B8CA16EE58DD006991CD /* USAdditions.m */ = {isa = PBXFileReference; fileEncoding = 4; lastKnownFileType = sourcecode.c.objc; path = USAdditions.m; sourceTree = "<group>"; };
		FC33B8CB16EE58DD006991CD /* USGlobals.h */ = {isa = PBXFileReference; fileEncoding = 4; lastKnownFileType = sourcecode.c.h; path = USGlobals.h; sourceTree = "<group>"; };
		FC33B8CC16EE58DD006991CD /* USGlobals.m */ = {isa = PBXFileReference; fileEncoding = 4; lastKnownFileType = sourcecode.c.objc; path = USGlobals.m; sourceTree = "<group>"; };
		FC33B8CD16EE58DD006991CD /* xsd.h */ = {isa = PBXFileReference; fileEncoding = 4; lastKnownFileType = sourcecode.c.h; path = xsd.h; sourceTree = "<group>"; };
		FC33B8CE16EE58DD006991CD /* xsd.m */ = {isa = PBXFileReference; fileEncoding = 4; lastKnownFileType = sourcecode.c.objc; path = xsd.m; sourceTree = "<group>"; };
		FC33B8D516EE5951006991CD /* libxml2.2.dylib */ = {isa = PBXFileReference; lastKnownFileType = "compiled.mach-o.dylib"; name = libxml2.2.dylib; path = usr/lib/libxml2.2.dylib; sourceTree = SDKROOT; };
		FC3FF76416C831C800CB3700 /* arrow.png */ = {isa = PBXFileReference; lastKnownFileType = image.png; name = arrow.png; path = ../arrow.png; sourceTree = "<group>"; };
		FC3FF76D16C8DCA200CB3700 /* pose.png */ = {isa = PBXFileReference; lastKnownFileType = image.png; path = pose.png; sourceTree = "<group>"; };
		FC3FF76F16C8DFC700CB3700 /* bikramsettings.png */ = {isa = PBXFileReference; lastKnownFileType = image.png; path = bikramsettings.png; sourceTree = "<group>"; };
		FC3FF77116C8E42F00CB3700 /* BusyViewController.xib */ = {isa = PBXFileReference; fileEncoding = 4; lastKnownFileType = file.xib; path = BusyViewController.xib; sourceTree = "<group>"; };
		FC3FF77216C8E42F00CB3700 /* BusyViewController.h */ = {isa = PBXFileReference; fileEncoding = 4; lastKnownFileType = sourcecode.c.h; path = BusyViewController.h; sourceTree = "<group>"; };
		FC3FF77316C8E42F00CB3700 /* BusyViewController.m */ = {isa = PBXFileReference; fileEncoding = 4; lastKnownFileType = sourcecode.c.objc; path = BusyViewController.m; sourceTree = "<group>"; };
		FC59685815DC5431006B4745 /* BikramSilverlake.app */ = {isa = PBXFileReference; explicitFileType = wrapper.application; includeInIndex = 0; path = BikramSilverlake.app; sourceTree = BUILT_PRODUCTS_DIR; };
		FC59685C15DC5431006B4745 /* UIKit.framework */ = {isa = PBXFileReference; lastKnownFileType = wrapper.framework; name = UIKit.framework; path = System/Library/Frameworks/UIKit.framework; sourceTree = SDKROOT; };
		FC59685E15DC5431006B4745 /* Foundation.framework */ = {isa = PBXFileReference; lastKnownFileType = wrapper.framework; name = Foundation.framework; path = System/Library/Frameworks/Foundation.framework; sourceTree = SDKROOT; };
		FC59686015DC5431006B4745 /* CoreGraphics.framework */ = {isa = PBXFileReference; lastKnownFileType = wrapper.framework; name = CoreGraphics.framework; path = System/Library/Frameworks/CoreGraphics.framework; sourceTree = SDKROOT; };
		FC59686415DC5431006B4745 /* BikramSilverlake-Info.plist */ = {isa = PBXFileReference; lastKnownFileType = text.plist.xml; path = "BikramSilverlake-Info.plist"; sourceTree = "<group>"; };
		FC59686615DC5431006B4745 /* en */ = {isa = PBXFileReference; lastKnownFileType = text.plist.strings; name = en; path = en.lproj/InfoPlist.strings; sourceTree = "<group>"; };
		FC59686815DC5431006B4745 /* main.m */ = {isa = PBXFileReference; lastKnownFileType = sourcecode.c.objc; path = main.m; sourceTree = "<group>"; };
		FC59686A15DC5431006B4745 /* BikramSilverlake-Prefix.pch */ = {isa = PBXFileReference; lastKnownFileType = sourcecode.c.h; path = "BikramSilverlake-Prefix.pch"; sourceTree = "<group>"; };
		FC59686B15DC5431006B4745 /* AppDelegate.h */ = {isa = PBXFileReference; lastKnownFileType = sourcecode.c.h; path = AppDelegate.h; sourceTree = "<group>"; };
		FC59686C15DC5431006B4745 /* AppDelegate.m */ = {isa = PBXFileReference; lastKnownFileType = sourcecode.c.objc; path = AppDelegate.m; sourceTree = "<group>"; };
		FC59687215DC5431006B4745 /* en */ = {isa = PBXFileReference; lastKnownFileType = file.xib; name = en; path = en.lproj/ViewController_iPhone.xib; sourceTree = "<group>"; };
		FC59687515DC5431006B4745 /* en */ = {isa = PBXFileReference; lastKnownFileType = file.xib; name = en; path = en.lproj/ViewController_iPad.xib; sourceTree = "<group>"; };
		FC59687C15DC558D006B4745 /* apple114.png */ = {isa = PBXFileReference; lastKnownFileType = image.png; name = apple114.png; path = ../apple114.png; sourceTree = "<group>"; };
		FC59687E15DC55A0006B4745 /* apple.png */ = {isa = PBXFileReference; lastKnownFileType = image.png; name = apple.png; path = ../apple.png; sourceTree = "<group>"; };
		FC59688015DC55AB006B4745 /* Default.png */ = {isa = PBXFileReference; lastKnownFileType = image.png; name = Default.png; path = ../Default.png; sourceTree = "<group>"; };
		FC59688215DC55B8006B4745 /* Default@2x.png */ = {isa = PBXFileReference; lastKnownFileType = image.png; name = "Default@2x.png"; path = "../Default@2x.png"; sourceTree = "<group>"; };
		FC9665DF16D41BE800E656A2 /* ClassDetailViewController.h */ = {isa = PBXFileReference; fileEncoding = 4; lastKnownFileType = sourcecode.c.h; name = ClassDetailViewController.h; path = ../ClassDetailViewController.h; sourceTree = "<group>"; };
		FC9665E016D41BE800E656A2 /* ClassDetailViewController.m */ = {isa = PBXFileReference; fileEncoding = 4; lastKnownFileType = sourcecode.c.objc; name = ClassDetailViewController.m; path = ../ClassDetailViewController.m; sourceTree = "<group>"; };
		FC9665E116D41BE800E656A2 /* ClassDetailViewController.xib */ = {isa = PBXFileReference; fileEncoding = 4; lastKnownFileType = file.xib; name = ClassDetailViewController.xib; path = ../ClassDetailViewController.xib; sourceTree = "<group>"; };
		FC9665E416D41BFD00E656A2 /* AboutTheStudioViewController.h */ = {isa = PBXFileReference; fileEncoding = 4; lastKnownFileType = sourcecode.c.h; name = AboutTheStudioViewController.h; path = ../AboutTheStudioViewController.h; sourceTree = "<group>"; };
		FC9665E516D41BFD00E656A2 /* AboutTheStudioViewController.m */ = {isa = PBXFileReference; fileEncoding = 4; lastKnownFileType = sourcecode.c.objc; name = AboutTheStudioViewController.m; path = ../AboutTheStudioViewController.m; sourceTree = "<group>"; };
		FC9665E616D41BFD00E656A2 /* AboutTheStudioViewController.xib */ = {isa = PBXFileReference; fileEncoding = 4; lastKnownFileType = file.xib; name = AboutTheStudioViewController.xib; path = ../AboutTheStudioViewController.xib; sourceTree = "<group>"; };
		FC9665E916D41C5700E656A2 /* StudioNewsViewController.h */ = {isa = PBXFileReference; fileEncoding = 4; lastKnownFileType = sourcecode.c.h; name = StudioNewsViewController.h; path = ../StudioNewsViewController.h; sourceTree = "<group>"; };
		FC9665EA16D41C5700E656A2 /* StudioNewsViewController.m */ = {isa = PBXFileReference; fileEncoding = 4; lastKnownFileType = sourcecode.c.objc; name = StudioNewsViewController.m; path = ../StudioNewsViewController.m; sourceTree = "<group>"; };
		FC9665EB16D41C5700E656A2 /* StudioNewsViewController.xib */ = {isa = PBXFileReference; fileEncoding = 4; lastKnownFileType = file.xib; name = StudioNewsViewController.xib; path = ../StudioNewsViewController.xib; sourceTree = "<group>"; };
		FC96662516D4825F00E656A2 /* AboutItems.h */ = {isa = PBXFileReference; fileEncoding = 4; lastKnownFileType = sourcecode.c.h; path = AboutItems.h; sourceTree = "<group>"; };
		FC96662616D4826000E656A2 /* AboutItems.m */ = {isa = PBXFileReference; fileEncoding = 4; lastKnownFileType = sourcecode.c.objc; path = AboutItems.m; sourceTree = "<group>"; };
		FC96662816D4925B00E656A2 /* news.png */ = {isa = PBXFileReference; lastKnownFileType = image.png; path = news.png; sourceTree = "<group>"; };
		FC96662916D4925B00E656A2 /* studio.png */ = {isa = PBXFileReference; lastKnownFileType = image.png; path = studio.png; sourceTree = "<group>"; };
		FC96662C16D49E7C00E656A2 /* MapKit.framework */ = {isa = PBXFileReference; lastKnownFileType = wrapper.framework; name = MapKit.framework; path = System/Library/Frameworks/MapKit.framework; sourceTree = SDKROOT; };
		FC96662E16D4A3DF00E656A2 /* Post-it-note-transparent.png */ = {isa = PBXFileReference; lastKnownFileType = image.png; name = "Post-it-note-transparent.png"; path = "../../../../Drones/Post-it-note-transparent.png"; sourceTree = "<group>"; };
		FC98D3931628CDFA00436255 /* MainPageTableViewController.h */ = {isa = PBXFileReference; fileEncoding = 4; lastKnownFileType = sourcecode.c.h; path = MainPageTableViewController.h; sourceTree = "<group>"; };
		FC98D3941628CDFA00436255 /* MainPageTableViewController.m */ = {isa = PBXFileReference; fileEncoding = 4; lastKnownFileType = sourcecode.c.objc; path = MainPageTableViewController.m; sourceTree = "<group>"; };
		FC98D3951628CDFA00436255 /* MainPageTableViewController.xib */ = {isa = PBXFileReference; fileEncoding = 4; lastKnownFileType = file.xib; path = MainPageTableViewController.xib; sourceTree = "<group>"; };
		FC98D3991628CF0B00436255 /* MainPageCell.xib */ = {isa = PBXFileReference; fileEncoding = 4; lastKnownFileType = file.xib; path = MainPageCell.xib; sourceTree = "<group>"; };
		FC98D3B91628EBD300436255 /* PullRefreshTableViewController.h */ = {isa = PBXFileReference; fileEncoding = 4; lastKnownFileType = sourcecode.c.h; path = PullRefreshTableViewController.h; sourceTree = "<group>"; };
		FC98D3BA1628EBD300436255 /* PullRefreshTableViewController.m */ = {isa = PBXFileReference; fileEncoding = 4; lastKnownFileType = sourcecode.c.objc; path = PullRefreshTableViewController.m; sourceTree = "<group>"; };
		FC98D3BC1628EC3200436255 /* calendar.png */ = {isa = PBXFileReference; lastKnownFileType = image.png; name = calendar.png; path = ../calendar.png; sourceTree = "<group>"; };
		FC98D3BD1628EC3200436255 /* poses.png */ = {isa = PBXFileReference; lastKnownFileType = image.png; name = poses.png; path = ../poses.png; sourceTree = "<group>"; };
		FC98D3C01628EC6900436255 /* QuartzCore.framework */ = {isa = PBXFileReference; lastKnownFileType = wrapper.framework; name = QuartzCore.framework; path = System/Library/Frameworks/QuartzCore.framework; sourceTree = SDKROOT; };
		FC98D3C6162A314D00436255 /* EventKit.framework */ = {isa = PBXFileReference; lastKnownFileType = wrapper.framework; name = EventKit.framework; path = System/Library/Frameworks/EventKit.framework; sourceTree = SDKROOT; };
		FC98D3CA162A3D1F00436255 /* about.png */ = {isa = PBXFileReference; lastKnownFileType = image.png; name = about.png; path = ../about.png; sourceTree = "<group>"; };
		FC98D3CB162A3D1F00436255 /* back.png */ = {isa = PBXFileReference; lastKnownFileType = image.png; name = back.png; path = ../back.png; sourceTree = "<group>"; };
		FC98D3CC162A3D1F00436255 /* fwd.png */ = {isa = PBXFileReference; lastKnownFileType = image.png; name = fwd.png; path = ../fwd.png; sourceTree = "<group>"; };
		FC98D3D0162A489E00436255 /* MainTabBarViewController.h */ = {isa = PBXFileReference; fileEncoding = 4; lastKnownFileType = sourcecode.c.h; path = MainTabBarViewController.h; sourceTree = "<group>"; };
		FC98D3D1162A489E00436255 /* MainTabBarViewController.m */ = {isa = PBXFileReference; fileEncoding = 4; lastKnownFileType = sourcecode.c.objc; path = MainTabBarViewController.m; sourceTree = "<group>"; };
		FC98D3D3162A494C00436255 /* SettingsViewController.h */ = {isa = PBXFileReference; fileEncoding = 4; lastKnownFileType = sourcecode.c.h; path = SettingsViewController.h; sourceTree = "<group>"; };
		FC98D3D4162A494C00436255 /* SettingsViewController.m */ = {isa = PBXFileReference; fileEncoding = 4; lastKnownFileType = sourcecode.c.objc; path = SettingsViewController.m; sourceTree = "<group>"; };
		FC98D3D5162A494C00436255 /* SettingsViewController.xib */ = {isa = PBXFileReference; fileEncoding = 4; lastKnownFileType = file.xib; path = SettingsViewController.xib; sourceTree = "<group>"; };
		FCA905B016DF03F500746A54 /* BuyViewController.h */ = {isa = PBXFileReference; fileEncoding = 4; lastKnownFileType = sourcecode.c.h; name = BuyViewController.h; path = ../BuyViewController.h; sourceTree = "<group>"; };
		FCA905B116DF03F500746A54 /* BuyViewController.m */ = {isa = PBXFileReference; fileEncoding = 4; lastKnownFileType = sourcecode.c.objc; name = BuyViewController.m; path = ../BuyViewController.m; sourceTree = "<group>"; };
		FCA905B216DF03F500746A54 /* BuyViewController.xib */ = {isa = PBXFileReference; fileEncoding = 4; lastKnownFileType = file.xib; name = BuyViewController.xib; path = ../BuyViewController.xib; sourceTree = "<group>"; };
		FCA905B516E18F0000746A54 /* Constants.h */ = {isa = PBXFileReference; fileEncoding = 4; lastKnownFileType = sourcecode.c.h; path = Constants.h; sourceTree = "<group>"; };
		FCA905B616E18F0100746A54 /* Constants.m */ = {isa = PBXFileReference; fileEncoding = 4; lastKnownFileType = sourcecode.c.objc; path = Constants.m; sourceTree = "<group>"; };
		FCA905B816E2D66500746A54 /* BuyDetailViewController.h */ = {isa = PBXFileReference; fileEncoding = 4; lastKnownFileType = sourcecode.c.h; name = BuyDetailViewController.h; path = ../BuyDetailViewController.h; sourceTree = "<group>"; };
		FCA905B916E2D66500746A54 /* BuyDetailViewController.m */ = {isa = PBXFileReference; fileEncoding = 4; lastKnownFileType = sourcecode.c.objc; name = BuyDetailViewController.m; path = ../BuyDetailViewController.m; sourceTree = "<group>"; };
		FCA905BA16E2D66500746A54 /* BuyDetailViewController.xib */ = {isa = PBXFileReference; fileEncoding = 4; lastKnownFileType = file.xib; name = BuyDetailViewController.xib; path = ../BuyDetailViewController.xib; sourceTree = "<group>"; };
		FCA905BD16E2F1AE00746A54 /* ButtonTableViewCell.xib */ = {isa = PBXFileReference; fileEncoding = 4; lastKnownFileType = file.xib; path = ButtonTableViewCell.xib; sourceTree = "<group>"; };
		FCA905BF16E311D200746A54 /* mats.png */ = {isa = PBXFileReference; lastKnownFileType = image.png; path = mats.png; sourceTree = "<group>"; };
		FCB4F3B2163864CE00A2AA9A /* Default-568h@2x.png */ = {isa = PBXFileReference; lastKnownFileType = image.png; name = "Default-568h@2x.png"; path = "../Default-568h@2x.png"; sourceTree = "<group>"; };
		FCF38ABA16CABE38005DD57B /* SettingsSectionItem.h */ = {isa = PBXFileReference; fileEncoding = 4; lastKnownFileType = sourcecode.c.h; path = SettingsSectionItem.h; sourceTree = "<group>"; };
		FCF38ABB16CABE38005DD57B /* SettingsSectionItem.m */ = {isa = PBXFileReference; fileEncoding = 4; lastKnownFileType = sourcecode.c.objc; path = SettingsSectionItem.m; sourceTree = "<group>"; };
		FCF38ABD16CAC1E5005DD57B /* AlarmTimeTableViewController.h */ = {isa = PBXFileReference; fileEncoding = 4; lastKnownFileType = sourcecode.c.h; name = AlarmTimeTableViewController.h; path = ../AlarmTimeTableViewController.h; sourceTree = "<group>"; };
		FCF38ABE16CAC1E5005DD57B /* AlarmTimeTableViewController.m */ = {isa = PBXFileReference; fileEncoding = 4; lastKnownFileType = sourcecode.c.objc; name = AlarmTimeTableViewController.m; path = ../AlarmTimeTableViewController.m; sourceTree = "<group>"; };
		FCF38ABF16CAC1E5005DD57B /* AlarmTimeTableViewController.xib */ = {isa = PBXFileReference; fileEncoding = 4; lastKnownFileType = file.xib; name = AlarmTimeTableViewController.xib; path = ../AlarmTimeTableViewController.xib; sourceTree = "<group>"; };
		FCF38AC216CAC368005DD57B /* NavController.xib */ = {isa = PBXFileReference; fileEncoding = 4; lastKnownFileType = file.xib; path = NavController.xib; sourceTree = "<group>"; };
/* End PBXFileReference section */

/* Begin PBXFrameworksBuildPhase section */
		FC59685515DC5431006B4745 /* Frameworks */ = {
			isa = PBXFrameworksBuildPhase;
			buildActionMask = 2147483647;
			files = (
				FC33B8D616EE5951006991CD /* libxml2.2.dylib in Frameworks */,
				FC96662D16D49E7C00E656A2 /* MapKit.framework in Frameworks */,
				FC98D3C7162A314D00436255 /* EventKit.framework in Frameworks */,
				FC98D3C11628EC6900436255 /* QuartzCore.framework in Frameworks */,
				FC59685D15DC5431006B4745 /* UIKit.framework in Frameworks */,
				FC59685F15DC5431006B4745 /* Foundation.framework in Frameworks */,
				FC59686115DC5431006B4745 /* CoreGraphics.framework in Frameworks */,
			);
			runOnlyForDeploymentPostprocessing = 0;
		};
/* End PBXFrameworksBuildPhase section */

/* Begin PBXGroup section */
		FC33B8C216EE58C8006991CD /* MBO */ = {
			isa = PBXGroup;
			children = (
				FC20D1D016F12C1D00CA43D2 /* Class_x0020_ServiceSvc.h */,
				FC20D1D116F12C1D00CA43D2 /* Class_x0020_ServiceSvc.m */,
				FC20D1CD16F1243900CA43D2 /* Client_x0020_ServiceSvc.h */,
				FC20D1CE16F1243900CA43D2 /* Client_x0020_ServiceSvc.m */,
				FC33B8C316EE58DD006991CD /* NSDate+ISO8601Parsing.h */,
				FC33B8C416EE58DD006991CD /* NSDate+ISO8601Parsing.m */,
				FC33B8C516EE58DD006991CD /* NSDate+ISO8601Unparsing.h */,
				FC33B8C616EE58DD006991CD /* NSDate+ISO8601Unparsing.m */,
				FC33B8C716EE58DD006991CD /* Sale_x0020_Service.h */,
				FC33B8C816EE58DD006991CD /* Sale_x0020_Service.m */,
				FC33B8C916EE58DD006991CD /* USAdditions.h */,
				FC33B8CA16EE58DD006991CD /* USAdditions.m */,
				FC33B8CB16EE58DD006991CD /* USGlobals.h */,
				FC33B8CC16EE58DD006991CD /* USGlobals.m */,
				FC33B8CD16EE58DD006991CD /* xsd.h */,
				FC33B8CE16EE58DD006991CD /* xsd.m */,
			);
			name = MBO;
			sourceTree = "<group>";
		};
		FC3FF76616C8D62B00CB3700 /* Resources */ = {
			isa = PBXGroup;
			children = (
				FCA905BF16E311D200746A54 /* mats.png */,
				FC96662E16D4A3DF00E656A2 /* Post-it-note-transparent.png */,
				FC96662816D4925B00E656A2 /* news.png */,
				FC96662916D4925B00E656A2 /* studio.png */,
				FC3FF76F16C8DFC700CB3700 /* bikramsettings.png */,
				FC3FF76D16C8DCA200CB3700 /* pose.png */,
				FC3FF76416C831C800CB3700 /* arrow.png */,
				FCB4F3B2163864CE00A2AA9A /* Default-568h@2x.png */,
				FC98D3CA162A3D1F00436255 /* about.png */,
				FC98D3CB162A3D1F00436255 /* back.png */,
				FC98D3CC162A3D1F00436255 /* fwd.png */,
				FC98D3BC1628EC3200436255 /* calendar.png */,
				FC98D3BD1628EC3200436255 /* poses.png */,
				FC59688215DC55B8006B4745 /* Default@2x.png */,
				FC59688015DC55AB006B4745 /* Default.png */,
				FC59687E15DC55A0006B4745 /* apple.png */,
				FC59687C15DC558D006B4745 /* apple114.png */,
			);
			name = Resources;
			sourceTree = "<group>";
		};
		FC3FF76716C8D63200CB3700 /* Nibs */ = {
			isa = PBXGroup;
			children = (
				FCA905BD16E2F1AE00746A54 /* ButtonTableViewCell.xib */,
				FCA905BA16E2D66500746A54 /* BuyDetailViewController.xib */,
				FCA905B216DF03F500746A54 /* BuyViewController.xib */,
				FC9665EB16D41C5700E656A2 /* StudioNewsViewController.xib */,
				FC9665E616D41BFD00E656A2 /* AboutTheStudioViewController.xib */,
				FC9665E116D41BE800E656A2 /* ClassDetailViewController.xib */,
				FCF38ABF16CAC1E5005DD57B /* AlarmTimeTableViewController.xib */,
				FC3FF77116C8E42F00CB3700 /* BusyViewController.xib */,
				FC98D3D5162A494C00436255 /* SettingsViewController.xib */,
				FC98D3951628CDFA00436255 /* MainPageTableViewController.xib */,
				FC98D3991628CF0B00436255 /* MainPageCell.xib */,
				FC59687115DC5431006B4745 /* ViewController_iPhone.xib */,
				FC59687415DC5431006B4745 /* ViewController_iPad.xib */,
				FCF38AC216CAC368005DD57B /* NavController.xib */,
			);
			name = Nibs;
			sourceTree = "<group>";
		};
		FC3FF76816C8D63800CB3700 /* Code */ = {
			isa = PBXGroup;
			children = (
				FCA905B816E2D66500746A54 /* BuyDetailViewController.h */,
				FCA905B916E2D66500746A54 /* BuyDetailViewController.m */,
				FCA905B516E18F0000746A54 /* Constants.h */,
				FCA905B616E18F0100746A54 /* Constants.m */,
				FCA905B016DF03F500746A54 /* BuyViewController.h */,
				FCA905B116DF03F500746A54 /* BuyViewController.m */,
				FC96662516D4825F00E656A2 /* AboutItems.h */,
				FC96662616D4826000E656A2 /* AboutItems.m */,
				FC9665E916D41C5700E656A2 /* StudioNewsViewController.h */,
				FC9665EA16D41C5700E656A2 /* StudioNewsViewController.m */,
				FC9665E416D41BFD00E656A2 /* AboutTheStudioViewController.h */,
				FC9665E516D41BFD00E656A2 /* AboutTheStudioViewController.m */,
				FC9665DF16D41BE800E656A2 /* ClassDetailViewController.h */,
				FC9665E016D41BE800E656A2 /* ClassDetailViewController.m */,
				FCF38ABD16CAC1E5005DD57B /* AlarmTimeTableViewController.h */,
				FCF38ABE16CAC1E5005DD57B /* AlarmTimeTableViewController.m */,
				FC3FF77216C8E42F00CB3700 /* BusyViewController.h */,
				FC3FF77316C8E42F00CB3700 /* BusyViewController.m */,
				FC98D3D0162A489E00436255 /* MainTabBarViewController.h */,
				FC98D3D1162A489E00436255 /* MainTabBarViewController.m */,
				FC98D3D3162A494C00436255 /* SettingsViewController.h */,
				FC98D3D4162A494C00436255 /* SettingsViewController.m */,
				FC98D3931628CDFA00436255 /* MainPageTableViewController.h */,
				FC98D3941628CDFA00436255 /* MainPageTableViewController.m */,
				FC98D3B91628EBD300436255 /* PullRefreshTableViewController.h */,
				FC98D3BA1628EBD300436255 /* PullRefreshTableViewController.m */,
				FC59686B15DC5431006B4745 /* AppDelegate.h */,
				FC59686C15DC5431006B4745 /* AppDelegate.m */,
				FCF38ABA16CABE38005DD57B /* SettingsSectionItem.h */,
				FCF38ABB16CABE38005DD57B /* SettingsSectionItem.m */,
			);
			name = Code;
			sourceTree = "<group>";
		};
		FC59684D15DC5431006B4745 = {
			isa = PBXGroup;
			children = (
				FC59686215DC5431006B4745 /* BikramSilverlake */,
				FC59685B15DC5431006B4745 /* Frameworks */,
				FC59685915DC5431006B4745 /* Products */,
			);
			sourceTree = "<group>";
		};
		FC59685915DC5431006B4745 /* Products */ = {
			isa = PBXGroup;
			children = (
				FC59685815DC5431006B4745 /* BikramSilverlake.app */,
			);
			name = Products;
			sourceTree = "<group>";
		};
		FC59685B15DC5431006B4745 /* Frameworks */ = {
			isa = PBXGroup;
			children = (
				FC33B8D516EE5951006991CD /* libxml2.2.dylib */,
				FC96662C16D49E7C00E656A2 /* MapKit.framework */,
				FC98D3C6162A314D00436255 /* EventKit.framework */,
				FC98D3C01628EC6900436255 /* QuartzCore.framework */,
				FC59685C15DC5431006B4745 /* UIKit.framework */,
				FC59685E15DC5431006B4745 /* Foundation.framework */,
				FC59686015DC5431006B4745 /* CoreGraphics.framework */,
			);
			name = Frameworks;
			sourceTree = "<group>";
		};
		FC59686215DC5431006B4745 /* BikramSilverlake */ = {
			isa = PBXGroup;
			children = (
				FC33B8C216EE58C8006991CD /* MBO */,
				FC3FF76816C8D63800CB3700 /* Code */,
				FC3FF76716C8D63200CB3700 /* Nibs */,
				FC3FF76616C8D62B00CB3700 /* Resources */,
				FC59686315DC5431006B4745 /* Supporting Files */,
			);
			path = BikramSilverlake;
			sourceTree = "<group>";
		};
		FC59686315DC5431006B4745 /* Supporting Files */ = {
			isa = PBXGroup;
			children = (
				FC20D1CB16F11FE800CA43D2 /* Settings.bundle */,
				FC59686415DC5431006B4745 /* BikramSilverlake-Info.plist */,
				FC59686515DC5431006B4745 /* InfoPlist.strings */,
				FC59686815DC5431006B4745 /* main.m */,
				FC59686A15DC5431006B4745 /* BikramSilverlake-Prefix.pch */,
			);
			name = "Supporting Files";
			sourceTree = "<group>";
		};
/* End PBXGroup section */

/* Begin PBXNativeTarget section */
		FC59685715DC5431006B4745 /* BikramSilverlake */ = {
			isa = PBXNativeTarget;
			buildConfigurationList = FC59687915DC5431006B4745 /* Build configuration list for PBXNativeTarget "BikramSilverlake" */;
			buildPhases = (
				FC59685415DC5431006B4745 /* Sources */,
				FC59685515DC5431006B4745 /* Frameworks */,
				FC59685615DC5431006B4745 /* Resources */,
			);
			buildRules = (
			);
			dependencies = (
			);
			name = BikramSilverlake;
			productName = BikramSilverlake;
			productReference = FC59685815DC5431006B4745 /* BikramSilverlake.app */;
			productType = "com.apple.product-type.application";
		};
/* End PBXNativeTarget section */

/* Begin PBXProject section */
		FC59684F15DC5431006B4745 /* Project object */ = {
			isa = PBXProject;
			attributes = {
				LastUpgradeCheck = 0460;
				ORGANIZATIONNAME = flounderware;
			};
			buildConfigurationList = FC59685215DC5431006B4745 /* Build configuration list for PBXProject "BikramSilverlake" */;
			compatibilityVersion = "Xcode 3.2";
			developmentRegion = English;
			hasScannedForEncodings = 0;
			knownRegions = (
				en,
			);
			mainGroup = FC59684D15DC5431006B4745;
			productRefGroup = FC59685915DC5431006B4745 /* Products */;
			projectDirPath = "";
			projectRoot = "";
			targets = (
				FC59685715DC5431006B4745 /* BikramSilverlake */,
			);
		};
/* End PBXProject section */

/* Begin PBXResourcesBuildPhase section */
		FC59685615DC5431006B4745 /* Resources */ = {
			isa = PBXResourcesBuildPhase;
			buildActionMask = 2147483647;
			files = (
				FC59686715DC5431006B4745 /* InfoPlist.strings in Resources */,
				FC59687315DC5431006B4745 /* ViewController_iPhone.xib in Resources */,
				FC59687615DC5431006B4745 /* ViewController_iPad.xib in Resources */,
				FC59687D15DC558D006B4745 /* apple114.png in Resources */,
				FC59687F15DC55A0006B4745 /* apple.png in Resources */,
				FC98D3971628CDFA00436255 /* MainPageTableViewController.xib in Resources */,
				FC98D39A1628CF0B00436255 /* MainPageCell.xib in Resources */,
				FC98D3BE1628EC3200436255 /* calendar.png in Resources */,
				FC98D3BF1628EC3200436255 /* poses.png in Resources */,
				FC98D3CD162A3D1F00436255 /* about.png in Resources */,
				FC98D3CE162A3D1F00436255 /* back.png in Resources */,
				FC98D3CF162A3D1F00436255 /* fwd.png in Resources */,
				FC98D3D7162A494C00436255 /* SettingsViewController.xib in Resources */,
				FCB4F3B3163864CE00A2AA9A /* Default-568h@2x.png in Resources */,
				FC3FF76516C831C800CB3700 /* arrow.png in Resources */,
				FC3FF76E16C8DCA200CB3700 /* pose.png in Resources */,
				FC3FF77016C8DFC700CB3700 /* bikramsettings.png in Resources */,
				FC3FF77416C8E43000CB3700 /* BusyViewController.xib in Resources */,
				FCF38AC116CAC1E5005DD57B /* AlarmTimeTableViewController.xib in Resources */,
				FCF38AC316CAC368005DD57B /* NavController.xib in Resources */,
				FC9665E316D41BE800E656A2 /* ClassDetailViewController.xib in Resources */,
				FC9665E816D41BFD00E656A2 /* AboutTheStudioViewController.xib in Resources */,
				FC9665ED16D41C5700E656A2 /* StudioNewsViewController.xib in Resources */,
				FC96662A16D4925B00E656A2 /* news.png in Resources */,
				FC96662B16D4925B00E656A2 /* studio.png in Resources */,
				FC96662F16D4A3DF00E656A2 /* Post-it-note-transparent.png in Resources */,
				FCA905B416DF03F500746A54 /* BuyViewController.xib in Resources */,
				FCA905BC16E2D66500746A54 /* BuyDetailViewController.xib in Resources */,
				FCA905BE16E2F1AE00746A54 /* ButtonTableViewCell.xib in Resources */,
				FCA905C016E311D200746A54 /* mats.png in Resources */,
				FC20D1CC16F11FE800CA43D2 /* Settings.bundle in Resources */,
			);
			runOnlyForDeploymentPostprocessing = 0;
		};
/* End PBXResourcesBuildPhase section */

/* Begin PBXSourcesBuildPhase section */
		FC59685415DC5431006B4745 /* Sources */ = {
			isa = PBXSourcesBuildPhase;
			buildActionMask = 2147483647;
			files = (
				FC59686915DC5431006B4745 /* main.m in Sources */,
				FC59686D15DC5431006B4745 /* AppDelegate.m in Sources */,
				FC98D3961628CDFA00436255 /* MainPageTableViewController.m in Sources */,
				FC98D3BB1628EBD300436255 /* PullRefreshTableViewController.m in Sources */,
				FC98D3D2162A489E00436255 /* MainTabBarViewController.m in Sources */,
				FC98D3D6162A494C00436255 /* SettingsViewController.m in Sources */,
				FC3FF77516C8E43000CB3700 /* BusyViewController.m in Sources */,
				FCF38ABC16CABE38005DD57B /* SettingsSectionItem.m in Sources */,
				FCF38AC016CAC1E5005DD57B /* AlarmTimeTableViewController.m in Sources */,
				FC9665E216D41BE800E656A2 /* ClassDetailViewController.m in Sources */,
				FC9665E716D41BFD00E656A2 /* AboutTheStudioViewController.m in Sources */,
				FC9665EC16D41C5700E656A2 /* StudioNewsViewController.m in Sources */,
				FC96662716D4826000E656A2 /* AboutItems.m in Sources */,
				FCA905B316DF03F500746A54 /* BuyViewController.m in Sources */,
				FCA905B716E18F0100746A54 /* Constants.m in Sources */,
				FCA905BB16E2D66500746A54 /* BuyDetailViewController.m in Sources */,
				FC33B8CF16EE58DD006991CD /* NSDate+ISO8601Parsing.m in Sources */,
				FC33B8D016EE58DD006991CD /* NSDate+ISO8601Unparsing.m in Sources */,
				FC33B8D116EE58DD006991CD /* Sale_x0020_Service.m in Sources */,
				FC33B8D216EE58DD006991CD /* USAdditions.m in Sources */,
				FC33B8D316EE58DD006991CD /* USGlobals.m in Sources */,
				FC33B8D416EE58DD006991CD /* xsd.m in Sources */,
				FC20D1CF16F1243900CA43D2 /* Client_x0020_ServiceSvc.m in Sources */,
				FC20D1D216F12C1D00CA43D2 /* Class_x0020_ServiceSvc.m in Sources */,
			);
			runOnlyForDeploymentPostprocessing = 0;
		};
/* End PBXSourcesBuildPhase section */

/* Begin PBXVariantGroup section */
		FC59686515DC5431006B4745 /* InfoPlist.strings */ = {
			isa = PBXVariantGroup;
			children = (
				FC59686615DC5431006B4745 /* en */,
			);
			name = InfoPlist.strings;
			sourceTree = "<group>";
		};
		FC59687115DC5431006B4745 /* ViewController_iPhone.xib */ = {
			isa = PBXVariantGroup;
			children = (
				FC59687215DC5431006B4745 /* en */,
			);
			name = ViewController_iPhone.xib;
			sourceTree = "<group>";
		};
		FC59687415DC5431006B4745 /* ViewController_iPad.xib */ = {
			isa = PBXVariantGroup;
			children = (
				FC59687515DC5431006B4745 /* en */,
			);
			name = ViewController_iPad.xib;
			sourceTree = "<group>";
		};
/* End PBXVariantGroup section */

/* Begin XCBuildConfiguration section */
		FC59687715DC5431006B4745 /* Debug */ = {
			isa = XCBuildConfiguration;
			buildSettings = {
				ALWAYS_SEARCH_USER_PATHS = NO;
				ARCHS = "$(ARCHS_STANDARD_32_BIT)";
				CLANG_CXX_LANGUAGE_STANDARD = "gnu++0x";
				CLANG_ENABLE_OBJC_ARC = YES;
				CLANG_WARN_CONSTANT_CONVERSION = YES;
				CLANG_WARN_ENUM_CONVERSION = YES;
				CLANG_WARN_INT_CONVERSION = YES;
				CLANG_WARN__DUPLICATE_METHOD_MATCH = YES;
				"CODE_SIGN_IDENTITY[sdk=iphoneos*]" = "iPhone Developer";
				COPY_PHASE_STRIP = NO;
				GCC_C_LANGUAGE_STANDARD = gnu99;
				GCC_DYNAMIC_NO_PIC = NO;
				GCC_OPTIMIZATION_LEVEL = 0;
				GCC_PREPROCESSOR_DEFINITIONS = (
					"DEBUG=1",
					"$(inherited)",
				);
				GCC_SYMBOLS_PRIVATE_EXTERN = NO;
				GCC_VERSION = com.apple.compilers.llvm.clang.1_0;
				GCC_WARN_ABOUT_RETURN_TYPE = YES;
				GCC_WARN_UNINITIALIZED_AUTOS = YES;
				GCC_WARN_UNUSED_VARIABLE = YES;
				HEADER_SEARCH_PATHS = /usr/include/libxml2;
				IPHONEOS_DEPLOYMENT_TARGET = 5.1;
				SDKROOT = iphoneos;
				TARGETED_DEVICE_FAMILY = "1,2";
			};
			name = Debug;
		};
		FC59687815DC5431006B4745 /* Release */ = {
			isa = XCBuildConfiguration;
			buildSettings = {
				ALWAYS_SEARCH_USER_PATHS = NO;
				ARCHS = "$(ARCHS_STANDARD_32_BIT)";
				CLANG_CXX_LANGUAGE_STANDARD = "gnu++0x";
				CLANG_ENABLE_OBJC_ARC = YES;
				CLANG_WARN_CONSTANT_CONVERSION = YES;
				CLANG_WARN_ENUM_CONVERSION = YES;
				CLANG_WARN_INT_CONVERSION = YES;
				CLANG_WARN__DUPLICATE_METHOD_MATCH = YES;
				"CODE_SIGN_IDENTITY[sdk=iphoneos*]" = "iPhone Developer";
				COPY_PHASE_STRIP = YES;
				GCC_C_LANGUAGE_STANDARD = gnu99;
				GCC_VERSION = com.apple.compilers.llvm.clang.1_0;
				GCC_WARN_ABOUT_RETURN_TYPE = YES;
				GCC_WARN_UNINITIALIZED_AUTOS = YES;
				GCC_WARN_UNUSED_VARIABLE = YES;
				HEADER_SEARCH_PATHS = /usr/include/libxml2;
				IPHONEOS_DEPLOYMENT_TARGET = 5.1;
				OTHER_CFLAGS = "-DNS_BLOCK_ASSERTIONS=1";
				SDKROOT = iphoneos;
				TARGETED_DEVICE_FAMILY = "1,2";
				VALIDATE_PRODUCT = YES;
			};
			name = Release;
		};
		FC59687A15DC5431006B4745 /* Debug */ = {
			isa = XCBuildConfiguration;
			buildSettings = {
				GCC_PRECOMPILE_PREFIX_HEADER = YES;
				GCC_PREFIX_HEADER = "BikramSilverlake/BikramSilverlake-Prefix.pch";
				INFOPLIST_FILE = "BikramSilverlake/BikramSilverlake-Info.plist";
				IPHONEOS_DEPLOYMENT_TARGET = 5.0;
				PRODUCT_NAME = "$(TARGET_NAME)";
				WRAPPER_EXTENSION = app;
			};
			name = Debug;
		};
		FC59687B15DC5431006B4745 /* Release */ = {
			isa = XCBuildConfiguration;
			buildSettings = {
				GCC_PRECOMPILE_PREFIX_HEADER = YES;
				GCC_PREFIX_HEADER = "BikramSilverlake/BikramSilverlake-Prefix.pch";
				INFOPLIST_FILE = "BikramSilverlake/BikramSilverlake-Info.plist";
				IPHONEOS_DEPLOYMENT_TARGET = 5.0;
				PRODUCT_NAME = "$(TARGET_NAME)";
				WRAPPER_EXTENSION = app;
			};
			name = Release;
		};
/* End XCBuildConfiguration section */

/* Begin XCConfigurationList section */
		FC59685215DC5431006B4745 /* Build configuration list for PBXProject "BikramSilverlake" */ = {
			isa = XCConfigurationList;
			buildConfigurations = (
				FC59687715DC5431006B4745 /* Debug */,
				FC59687815DC5431006B4745 /* Release */,
			);
			defaultConfigurationIsVisible = 0;
			defaultConfigurationName = Release;
		};
		FC59687915DC5431006B4745 /* Build configuration list for PBXNativeTarget "BikramSilverlake" */ = {
			isa = XCConfigurationList;
			buildConfigurations = (
				FC59687A15DC5431006B4745 /* Debug */,
				FC59687B15DC5431006B4745 /* Release */,
			);
			defaultConfigurationIsVisible = 0;
			defaultConfigurationName = Release;
		};
/* End XCConfigurationList section */
	};
	rootObject = FC59684F15DC5431006B4745 /* Project object */;
}
