<?xml version="1.0" encoding="UTF-8"?>
<Scheme
   LastUpgradeVersion = "0630"
   version = "2.0">
   <BuildAction
      parallelizeBuildables = "YES"
      buildImplicitDependencies = "YES">
      <BuildActionEntries>
         <BuildActionEntry
            buildForTesting = "YES"
            buildForRunning = "YES"
            buildForProfiling = "YES"
            buildForArchiving = "YES"
            buildForAnalyzing = "YES">
            <BuildableReference
               BuildableIdentifier = "primary"
               BlueprintIdentifier = "FC88E03D1B097FE5003B6EC7"
               BuildableName = "BikramSilverlake WatchKit App.app"
               BlueprintName = "BikramSilverlake WatchKit App"
               ReferencedContainer = "container:BikramSilverlake.xcodeproj">
            </BuildableReference>
         </BuildActionEntry>
         <BuildActionEntry
            buildForTesting = "YES"
            buildForRunning = "YES"
            buildForProfiling = "YES"
            buildForArchiving = "YES"
            buildForAnalyzing = "YES">
            <BuildableReference
               BuildableIdentifier = "primary"
               BlueprintIdentifier = "FC88E02E1B097FE5003B6EC7"
               BuildableName = "BikramSilverlake WatchKit Extension.appex"
               BlueprintName = "BikramSilverlake WatchKit Extension"
               ReferencedContainer = "container:BikramSilverlake.xcodeproj">
            </BuildableReference>
         </BuildActionEntry>
         <BuildActionEntry
            buildForTesting = "YES"
            buildForRunning = "YES"
            buildForProfiling = "YES"
            buildForArchiving = "YES"
            buildForAnalyzing = "YES">
            <BuildableReference
               BuildableIdentifier = "primary"
               BlueprintIdentifier = "FC59685715DC5431006B4745"
               BuildableName = "BikramSilverlake.app"
               BlueprintName = "BikramSilverlake"
               ReferencedContainer = "container:BikramSilverlake.xcodeproj">
            </BuildableReference>
         </BuildActionEntry>
      </BuildActionEntries>
   </BuildAction>
   <TestAction
      selectedDebuggerIdentifier = "Xcode.DebuggerFoundation.Debugger.LLDB"
      selectedLauncherIdentifier = "Xcode.DebuggerFoundation.Launcher.LLDB"
      shouldUseLaunchSchemeArgsEnv = "YES"
      buildConfiguration = "Debug">
      <Testables>
      </Testables>
      <MacroExpansion>
         <BuildableReference
            BuildableIdentifier = "primary"
            BlueprintIdentifier = "FC88E03D1B097FE5003B6EC7"
            BuildableName = "BikramSilverlake WatchKit App.app"
            BlueprintName = "BikramSilverlake WatchKit App"
            ReferencedContainer = "container:BikramSilverlake.xcodeproj">
         </BuildableReference>
      </MacroExpansion>
   </TestAction>
   <LaunchAction
      selectedDebuggerIdentifier = "Xcode.DebuggerFoundation.Debugger.LLDB"
      selectedLauncherIdentifier = "Xcode.DebuggerFoundation.Launcher.LLDB"
      launchStyle = "0"
      useCustomWorkingDirectory = "NO"
      buildConfiguration = "Debug"
      ignoresPersistentStateOnLaunch = "NO"
      debugDocumentVersioning = "YES"
      allowLocationSimulation = "YES"
      launchAutomaticallySubstyle = "4"
      notificationPayloadFile = "BikramSilverlake WatchKit Extension/PushNotificationPayload.apns">
      <RemoteRunnable
         runnableDebuggingMode = "2"
         BundleIdentifier = "com.apple.springboard"
         RemotePath = "/BikramSilverlake">
         <BuildableReference
            BuildableIdentifier = "primary"
            BlueprintIdentifier = "FC88E03D1B097FE5003B6EC7"
            BuildableName = "BikramSilverlake WatchKit App.app"
            BlueprintName = "BikramSilverlake WatchKit App"
            ReferencedContainer = "container:BikramSilverlake.xcodeproj">
         </BuildableReference>
      </RemoteRunnable>
      <MacroExpansion>
         <BuildableReference
            BuildableIdentifier = "primary"
            BlueprintIdentifier = "FC88E03D1B097FE5003B6EC7"
            BuildableName = "BikramSilverlake WatchKit App.app"
            BlueprintName = "BikramSilverlake WatchKit App"
            ReferencedContainer = "container:BikramSilverlake.xcodeproj">
         </BuildableReference>
      </MacroExpansion>
      <AdditionalOptions>
      </AdditionalOptions>
   </LaunchAction>
   <ProfileAction
      shouldUseLaunchSchemeArgsEnv = "YES"
      savedToolIdentifier = ""
      useCustomWorkingDirectory = "NO"
      buildConfiguration = "Release"
      debugDocumentVersioning = "YES"
      launchAutomaticallySubstyle = "4"
      notificationPayloadFile = "BikramSilverlake WatchKit Extension/PushNotificationPayload.apns">
      <RemoteRunnable
         runnableDebuggingMode = "2"
         BundleIdentifier = "com.apple.springboard"
         RemotePath = "/BikramSilverlake">
         <BuildableReference
            BuildableIdentifier = "primary"
            BlueprintIdentifier = "FC88E03D1B097FE5003B6EC7"
            BuildableName = "BikramSilverlake WatchKit App.app"
            BlueprintName = "BikramSilverlake WatchKit App"
            ReferencedContainer = "container:BikramSilverlake.xcodeproj">
         </BuildableReference>
      </RemoteRunnable>
      <MacroExpansion>
         <BuildableReference
            BuildableIdentifier = "primary"
            BlueprintIdentifier = "FC88E03D1B097FE5003B6EC7"
            BuildableName = "BikramSilverlake WatchKit App.app"
            BlueprintName = "BikramSilverlake WatchKit App"
            ReferencedContainer = "container:BikramSilverlake.xcodeproj">
         </BuildableReference>
      </MacroExpansion>
   </ProfileAction>
   <AnalyzeAction
      buildConfiguration = "Debug">
   </AnalyzeAction>
   <ArchiveAction
      buildConfiguration = "Release"
      revealArchiveInOrganizer = "YES">
   </ArchiveAction>
</Scheme>
